
Microsoft Visual Studio Solution File, Format Version 12.00
# Visual Studio 14
VisualStudioVersion = 14.0.25420.1
MinimumVisualStudioVersion = 10.0.40219.1
Project("{2150E333-8FDC-42A3-9474-1A3956D46DE8}") = "src", "src", "{DA2BF54E-4FDB-439A-BE65-6D2D4B369AC0}"
EndProject
Project("{2150E333-8FDC-42A3-9474-1A3956D46DE8}") = "Solution Items", "Solution Items", "{9A70CF6B-DFC1-4137-A2D4-A3D6DC145FF5}"
	ProjectSection(SolutionItems) = preProject
		global.json = global.json
	EndProjectSection
EndProject
Project("{8BB2217D-0F2D-49D1-97BC-3654ED321F3B}") = "SignalR2", "src\SignalR2\SignalR2.xproj", "{9C2A0469-BB4C-4799-92BE-251B4D92DA49}"
EndProject
Global
	GlobalSection(SolutionConfigurationPlatforms) = preSolution
		Debug|Any CPU = Debug|Any CPU
		Release|Any CPU = Release|Any CPU
	EndGlobalSection
	GlobalSection(ProjectConfigurationPlatforms) = postSolution
		{9C2A0469-BB4C-4799-92BE-251B4D92DA49}.Debug|Any CPU.ActiveCfg = Debug|Any CPU
		{9C2A0469-BB4C-4799-92BE-251B4D92DA49}.Debug|Any CPU.Build.0 = Debug|Any CPU
		{9C2A0469-BB4C-4799-92BE-251B4D92DA49}.Release|Any CPU.ActiveCfg = Release|Any CPU
		{9C2A0469-BB4C-4799-92BE-251B4D92DA49}.Release|Any CPU.Build.0 = Release|Any CPU
	EndGlobalSection
	GlobalSection(SolutionProperties) = preSolution
		HideSolutionNode = FALSE
	EndGlobalSection
	GlobalSection(NestedProjects) = preSolution
		{9C2A0469-BB4C-4799-92BE-251B4D92DA49} = {DA2BF54E-4FDB-439A-BE65-6D2D4B369AC0}
	EndGlobalSection
EndGlobal
